
Microsoft Visual Studio Solution File, Format Version 12.00
# Visual Studio Version 17
VisualStudioVersion = 17.6.33815.320
MinimumVisualStudioVersion = 10.0.40219.1
Project("{13B669BE-BB05-4DDF-9536-439F39A36129}") = "PHPTest", "PHPTest\PHPTest.phpproj", "{7D1BB530-F282-456F-AEC2-BDD271BAAA71}"
EndProject
Project("{2150E333-8FDC-42A3-9474-1A3956D46DE8}") = "解决方案项", "解决方案项", "{E23ED183-2F81-4737-B145-3D65AB0A764B}"
	ProjectSection(SolutionItems) = preProject
		README.md = README.md
	EndProjectSection
EndProject
Project("{8BC9CEB8-8B4A-11D0-8D11-00A0C91BC942}") = "PCMonitorMCU", "PCMonitorMCU\PCMonitorMCU.vcxproj", "{DC9C8B79-6922-473D-9DB6-B3CE94B66469}"
EndProject
Project("{9A19103F-16F7-4668-BE54-9A1E7A4F7556}") = "PCMonitorRouter", "PCMonitorRouter\PCMonitorRouter.csproj", "{BD52F87E-B36D-4F2D-9AD2-64DBF396D123}"
EndProject
Project("{9A19103F-16F7-4668-BE54-9A1E7A4F7556}") = "PCMonitorCommon", "PCMonitorCommon\PCMonitorCommon.csproj", "{35F967B7-A343-4F62-9858-E359DE434211}"
EndProject
Project("{FAE04EC0-301F-11D3-BF4B-00C04F79EFBC}") = "PCMonitorTester", "PCMonitorTester\PCMonitorTester.csproj", "{52BC5D59-91EF-456D-933D-D026966E7DF4}"
EndProject
Project("{9A19103F-16F7-4668-BE54-9A1E7A4F7556}") = "JHMSrv", "JHMSrv\JHMSrv.csproj", "{6900C1A3-1290-404D-8F24-8872D5A76E46}"
EndProject
Project("{FAE04EC0-301F-11D3-BF4B-00C04F79EFBC}") = "BananaBoard", "BananaBoard\BananaBoard.csproj", "{6C4E2751-65FC-4241-A0B2-D44447BEAC3F}"
EndProject
Global
	GlobalSection(SolutionConfigurationPlatforms) = preSolution
		Debug|Any CPU = Debug|Any CPU
		Debug|VisualGDB = Debug|VisualGDB
		Release|Any CPU = Release|Any CPU
		Release|VisualGDB = Release|VisualGDB
	EndGlobalSection
	GlobalSection(ProjectConfigurationPlatforms) = postSolution
		{7D1BB530-F282-456F-AEC2-BDD271BAAA71}.Debug|Any CPU.ActiveCfg = Debug|Any CPU
		{7D1BB530-F282-456F-AEC2-BDD271BAAA71}.Debug|Any CPU.Build.0 = Debug|Any CPU
		{7D1BB530-F282-456F-AEC2-BDD271BAAA71}.Debug|VisualGDB.ActiveCfg = Debug|Any CPU
		{7D1BB530-F282-456F-AEC2-BDD271BAAA71}.Debug|VisualGDB.Build.0 = Debug|Any CPU
		{7D1BB530-F282-456F-AEC2-BDD271BAAA71}.Release|Any CPU.ActiveCfg = Release|Any CPU
		{7D1BB530-F282-456F-AEC2-BDD271BAAA71}.Release|Any CPU.Build.0 = Release|Any CPU
		{7D1BB530-F282-456F-AEC2-BDD271BAAA71}.Release|VisualGDB.ActiveCfg = Release|Any CPU
		{7D1BB530-F282-456F-AEC2-BDD271BAAA71}.Release|VisualGDB.Build.0 = Release|Any CPU
		{DC9C8B79-6922-473D-9DB6-B3CE94B66469}.Debug|Any CPU.ActiveCfg = Debug|VisualGDB
		{DC9C8B79-6922-473D-9DB6-B3CE94B66469}.Debug|Any CPU.Build.0 = Debug|VisualGDB
		{DC9C8B79-6922-473D-9DB6-B3CE94B66469}.Debug|VisualGDB.ActiveCfg = Debug|VisualGDB
		{DC9C8B79-6922-473D-9DB6-B3CE94B66469}.Debug|VisualGDB.Build.0 = Debug|VisualGDB
		{DC9C8B79-6922-473D-9DB6-B3CE94B66469}.Release|Any CPU.ActiveCfg = Release|VisualGDB
		{DC9C8B79-6922-473D-9DB6-B3CE94B66469}.Release|Any CPU.Build.0 = Release|VisualGDB
		{DC9C8B79-6922-473D-9DB6-B3CE94B66469}.Release|VisualGDB.ActiveCfg = Release|VisualGDB
		{DC9C8B79-6922-473D-9DB6-B3CE94B66469}.Release|VisualGDB.Build.0 = Release|VisualGDB
		{BD52F87E-B36D-4F2D-9AD2-64DBF396D123}.Debug|Any CPU.ActiveCfg = Debug|Any CPU
		{BD52F87E-B36D-4F2D-9AD2-64DBF396D123}.Debug|Any CPU.Build.0 = Debug|Any CPU
		{BD52F87E-B36D-4F2D-9AD2-64DBF396D123}.Debug|VisualGDB.ActiveCfg = Debug|Any CPU
		{BD52F87E-B36D-4F2D-9AD2-64DBF396D123}.Debug|VisualGDB.Build.0 = Debug|Any CPU
		{BD52F87E-B36D-4F2D-9AD2-64DBF396D123}.Release|Any CPU.ActiveCfg = Release|Any CPU
		{BD52F87E-B36D-4F2D-9AD2-64DBF396D123}.Release|Any CPU.Build.0 = Release|Any CPU
		{BD52F87E-B36D-4F2D-9AD2-64DBF396D123}.Release|VisualGDB.ActiveCfg = Release|Any CPU
		{BD52F87E-B36D-4F2D-9AD2-64DBF396D123}.Release|VisualGDB.Build.0 = Release|Any CPU
		{35F967B7-A343-4F62-9858-E359DE434211}.Debug|Any CPU.ActiveCfg = Debug|Any CPU
		{35F967B7-A343-4F62-9858-E359DE434211}.Debug|Any CPU.Build.0 = Debug|Any CPU
		{35F967B7-A343-4F62-9858-E359DE434211}.Debug|VisualGDB.ActiveCfg = Debug|Any CPU
		{35F967B7-A343-4F62-9858-E359DE434211}.Debug|VisualGDB.Build.0 = Debug|Any CPU
		{35F967B7-A343-4F62-9858-E359DE434211}.Release|Any CPU.ActiveCfg = Release|Any CPU
		{35F967B7-A343-4F62-9858-E359DE434211}.Release|Any CPU.Build.0 = Release|Any CPU
		{35F967B7-A343-4F62-9858-E359DE434211}.Release|VisualGDB.ActiveCfg = Release|Any CPU
		{35F967B7-A343-4F62-9858-E359DE434211}.Release|VisualGDB.Build.0 = Release|Any CPU
		{52BC5D59-91EF-456D-933D-D026966E7DF4}.Debug|Any CPU.ActiveCfg = Debug|Any CPU
		{52BC5D59-91EF-456D-933D-D026966E7DF4}.Debug|Any CPU.Build.0 = Debug|Any CPU
		{52BC5D59-91EF-456D-933D-D026966E7DF4}.Debug|VisualGDB.ActiveCfg = Debug|Any CPU
		{52BC5D59-91EF-456D-933D-D026966E7DF4}.Debug|VisualGDB.Build.0 = Debug|Any CPU
		{52BC5D59-91EF-456D-933D-D026966E7DF4}.Release|Any CPU.ActiveCfg = Release|Any CPU
		{52BC5D59-91EF-456D-933D-D026966E7DF4}.Release|Any CPU.Build.0 = Release|Any CPU
		{52BC5D59-91EF-456D-933D-D026966E7DF4}.Release|VisualGDB.ActiveCfg = Release|Any CPU
		{52BC5D59-91EF-456D-933D-D026966E7DF4}.Release|VisualGDB.Build.0 = Release|Any CPU
		{6900C1A3-1290-404D-8F24-8872D5A76E46}.Debug|Any CPU.ActiveCfg = Debug|Any CPU
		{6900C1A3-1290-404D-8F24-8872D5A76E46}.Debug|Any CPU.Build.0 = Debug|Any CPU
		{6900C1A3-1290-404D-8F24-8872D5A76E46}.Debug|VisualGDB.ActiveCfg = Debug|Any CPU
		{6900C1A3-1290-404D-8F24-8872D5A76E46}.Debug|VisualGDB.Build.0 = Debug|Any CPU
		{6900C1A3-1290-404D-8F24-8872D5A76E46}.Release|Any CPU.ActiveCfg = Release|Any CPU
		{6900C1A3-1290-404D-8F24-8872D5A76E46}.Release|Any CPU.Build.0 = Release|Any CPU
		{6900C1A3-1290-404D-8F24-8872D5A76E46}.Release|VisualGDB.ActiveCfg = Release|Any CPU
		{6900C1A3-1290-404D-8F24-8872D5A76E46}.Release|VisualGDB.Build.0 = Release|Any CPU
		{6C4E2751-65FC-4241-A0B2-D44447BEAC3F}.Debug|Any CPU.ActiveCfg = Debug|Any CPU
		{6C4E2751-65FC-4241-A0B2-D44447BEAC3F}.Debug|Any CPU.Build.0 = Debug|Any CPU
		{6C4E2751-65FC-4241-A0B2-D44447BEAC3F}.Debug|VisualGDB.ActiveCfg = Debug|Any CPU
		{6C4E2751-65FC-4241-A0B2-D44447BEAC3F}.Debug|VisualGDB.Build.0 = Debug|Any CPU
		{6C4E2751-65FC-4241-A0B2-D44447BEAC3F}.Release|Any CPU.ActiveCfg = Release|Any CPU
		{6C4E2751-65FC-4241-A0B2-D44447BEAC3F}.Release|Any CPU.Build.0 = Release|Any CPU
		{6C4E2751-65FC-4241-A0B2-D44447BEAC3F}.Release|VisualGDB.ActiveCfg = Release|Any CPU
		{6C4E2751-65FC-4241-A0B2-D44447BEAC3F}.Release|VisualGDB.Build.0 = Release|Any CPU
	EndGlobalSection
	GlobalSection(SolutionProperties) = preSolution
		HideSolutionNode = FALSE
	EndGlobalSection
	GlobalSection(ExtensibilityGlobals) = postSolution
		SolutionGuid = {39A8F82D-E86D-4EED-86D7-D3662044DD4C}
	EndGlobalSection
EndGlobal
