<?xml version="1.0" encoding="utf-8"?>
<Project ToolsVersion="4.0" xmlns="http://schemas.microsoft.com/developer/msbuild/2003">
  <ItemGroup>
    <Filter Include="Source files">
      <UniqueIdentifier>{1d8aa97c-5884-49d7-aa2a-5454d1a77492}</UniqueIdentifier>
      <Extensions>cpp;c;cc;cxx;def;odl;idl;hpj;bat;asm;asmx</Extensions>
    </Filter>
    <Filter Include="Header files">
      <UniqueIdentifier>{7043f09e-cd9b-49c1-9b67-372bda5682ce}</UniqueIdentifier>
      <Extensions>h;hpp;hxx;hm;inl;inc;xsd</Extensions>
    </Filter>
    <Filter Include="Resource files">
      <UniqueIdentifier>{f34cf2f1-98ca-4752-9aaf-912cdfe8ae78}</UniqueIdentifier>
      <Extensions>rc;ico;cur;bmp;dlg;rc2;rct;bin;rgs;gif;jpg;jpeg;jpe;resx;tiff;tif;png;wav</Extensions>
    </Filter>
    <Filter Include="Source files\USER">
      <UniqueIdentifier>{7821a30a-5a53-49dc-bbf4-a94c7c92a16d}</UniqueIdentifier>
    </Filter>
    <Filter Include="Source files\SYSTEM">
      <UniqueIdentifier>{7291cb79-0e5f-4721-9e8a-2bc27d96c2a9}</UniqueIdentifier>
    </Filter>
    <Filter Include="Source files\CORE">
      <UniqueIdentifier>{1fe66e0a-5bcb-428e-abc8-25b69cae9234}</UniqueIdentifier>
    </Filter>
    <Filter Include="Source files\FWLIB">
      <UniqueIdentifier>{7ec3cc31-0f32-41b9-a1c6-d49aa4db5b37}</UniqueIdentifier>
    </Filter>
    <Filter Include="Source files\README">
      <UniqueIdentifier>{7a78a426-0095-42c3-bac2-6e0e1c910131}</UniqueIdentifier>
    </Filter>
    <Filter Include="Source files\Hardware">
      <UniqueIdentifier>{97186ed6-a640-440b-b0c4-dbef00c58d95}</UniqueIdentifier>
    </Filter>
    <Filter Include="Source files\Device-specific files">
      <UniqueIdentifier>{66380b48-5af4-4a85-b29d-e5f0879c2a0e}</UniqueIdentifier>
    </Filter>
    <Filter Include="Header files\USER">
      <UniqueIdentifier>{eae136c0-8e96-4994-b0a6-cb0f47da155b}</UniqueIdentifier>
    </Filter>
    <Filter Include="Header files\SYSTEM">
      <UniqueIdentifier>{fbb19195-b68a-4be2-9719-09fff8cd1530}</UniqueIdentifier>
    </Filter>
    <Filter Include="Header files\CORE">
      <UniqueIdentifier>{bde47ccb-021d-49ae-9ddf-503db3083800}</UniqueIdentifier>
    </Filter>
    <Filter Include="Header files\FWLIB">
      <UniqueIdentifier>{dfa8b85e-3a52-4c1a-b691-b52f2be703f6}</UniqueIdentifier>
    </Filter>
    <Filter Include="Header files\README">
      <UniqueIdentifier>{1ef49603-2f87-4a05-bf9c-b63cf329b847}</UniqueIdentifier>
    </Filter>
    <Filter Include="Header files\Hardware">
      <UniqueIdentifier>{325b323c-d339-4c99-9b4d-cdc853f04cf9}</UniqueIdentifier>
    </Filter>
    <Filter Include="Header files\Device-specific files">
      <UniqueIdentifier>{749d12ca-3884-4258-af05-d231b807e659}</UniqueIdentifier>
    </Filter>
    <Filter Include="VisualGDB settings">
      <UniqueIdentifier>{4bf31b1f-d4a4-4364-ba04-80dcf92bff36}</UniqueIdentifier>
    </Filter>
  </ItemGroup>
  <ItemGroup>
    <ClCompile Include="..\STM32OrgKeilProj\USER\main.c">
      <Filter>Source files\USER</Filter>
    </ClCompile>
    <ClCompile Include="..\STM32OrgKeilProj\USER\stm32f10x_it.c">
      <Filter>Source files\USER</Filter>
    </ClCompile>
    <ClCompile Include="..\STM32OrgKeilProj\USER\system_stm32f10x.c">
      <Filter>Source files\USER</Filter>
    </ClCompile>
    <ClCompile Include="..\STM32OrgKeilProj\USER\lcdui.c">
      <Filter>Source files\USER</Filter>
    </ClCompile>
    <ClCompile Include="..\STM32OrgKeilProj\SYSTEM\delay\delay.c">
      <Filter>Source files\SYSTEM</Filter>
    </ClCompile>
    <ClCompile Include="..\STM32OrgKeilProj\SYSTEM\sys\sys.c">
      <Filter>Source files\SYSTEM</Filter>
    </ClCompile>
    <ClCompile Include="..\STM32OrgKeilProj\SYSTEM\usart\usart.c">
      <Filter>Source files\SYSTEM</Filter>
    </ClCompile>
    <ClCompile Include="..\STM32OrgKeilProj\CORE\core_cm3.c">
      <Filter>Source files\CORE</Filter>
    </ClCompile>
    <ClCompile Include="..\STM32OrgKeilProj\CORE\startup_stm32f10x_hd.S">
      <Filter>Source files\CORE</Filter>
    </ClCompile>
    <ClCompile Include="..\STM32OrgKeilProj\STM32F10x_FWLib\src\misc.c">
      <Filter>Source files\FWLIB</Filter>
    </ClCompile>
    <ClCompile Include="..\STM32OrgKeilProj\STM32F10x_FWLib\src\stm32f10x_adc.c">
      <Filter>Source files\FWLIB</Filter>
    </ClCompile>
    <ClCompile Include="..\STM32OrgKeilProj\STM32F10x_FWLib\src\stm32f10x_bkp.c">
      <Filter>Source files\FWLIB</Filter>
    </ClCompile>
    <ClCompile Include="..\STM32OrgKeilProj\STM32F10x_FWLib\src\stm32f10x_can.c">
      <Filter>Source files\FWLIB</Filter>
    </ClCompile>
    <ClCompile Include="..\STM32OrgKeilProj\STM32F10x_FWLib\src\stm32f10x_cec.c">
      <Filter>Source files\FWLIB</Filter>
    </ClCompile>
    <ClCompile Include="..\STM32OrgKeilProj\STM32F10x_FWLib\src\stm32f10x_crc.c">
      <Filter>Source files\FWLIB</Filter>
    </ClCompile>
    <ClCompile Include="..\STM32OrgKeilProj\STM32F10x_FWLib\src\stm32f10x_dac.c">
      <Filter>Source files\FWLIB</Filter>
    </ClCompile>
    <ClCompile Include="..\STM32OrgKeilProj\STM32F10x_FWLib\src\stm32f10x_dbgmcu.c">
      <Filter>Source files\FWLIB</Filter>
    </ClCompile>
    <ClCompile Include="..\STM32OrgKeilProj\STM32F10x_FWLib\src\stm32f10x_dma.c">
      <Filter>Source files\FWLIB</Filter>
    </ClCompile>
    <ClCompile Include="..\STM32OrgKeilProj\STM32F10x_FWLib\src\stm32f10x_exti.c">
      <Filter>Source files\FWLIB</Filter>
    </ClCompile>
    <ClCompile Include="..\STM32OrgKeilProj\STM32F10x_FWLib\src\stm32f10x_flash.c">
      <Filter>Source files\FWLIB</Filter>
    </ClCompile>
    <ClCompile Include="..\STM32OrgKeilProj\STM32F10x_FWLib\src\stm32f10x_fsmc.c">
      <Filter>Source files\FWLIB</Filter>
    </ClCompile>
    <ClCompile Include="..\STM32OrgKeilProj\STM32F10x_FWLib\src\stm32f10x_gpio.c">
      <Filter>Source files\FWLIB</Filter>
    </ClCompile>
    <ClCompile Include="..\STM32OrgKeilProj\STM32F10x_FWLib\src\stm32f10x_i2c.c">
      <Filter>Source files\FWLIB</Filter>
    </ClCompile>
    <ClCompile Include="..\STM32OrgKeilProj\STM32F10x_FWLib\src\stm32f10x_iwdg.c">
      <Filter>Source files\FWLIB</Filter>
    </ClCompile>
    <ClCompile Include="..\STM32OrgKeilProj\STM32F10x_FWLib\src\stm32f10x_pwr.c">
      <Filter>Source files\FWLIB</Filter>
    </ClCompile>
    <ClCompile Include="..\STM32OrgKeilProj\STM32F10x_FWLib\src\stm32f10x_rcc.c">
      <Filter>Source files\FWLIB</Filter>
    </ClCompile>
    <ClCompile Include="..\STM32OrgKeilProj\STM32F10x_FWLib\src\stm32f10x_rtc.c">
      <Filter>Source files\FWLIB</Filter>
    </ClCompile>
    <ClCompile Include="..\STM32OrgKeilProj\STM32F10x_FWLib\src\stm32f10x_sdio.c">
      <Filter>Source files\FWLIB</Filter>
    </ClCompile>
    <ClCompile Include="..\STM32OrgKeilProj\STM32F10x_FWLib\src\stm32f10x_spi.c">
      <Filter>Source files\FWLIB</Filter>
    </ClCompile>
    <ClCompile Include="..\STM32OrgKeilProj\STM32F10x_FWLib\src\stm32f10x_tim.c">
      <Filter>Source files\FWLIB</Filter>
    </ClCompile>
    <ClCompile Include="..\STM32OrgKeilProj\STM32F10x_FWLib\src\stm32f10x_usart.c">
      <Filter>Source files\FWLIB</Filter>
    </ClCompile>
    <ClCompile Include="..\STM32OrgKeilProj\STM32F10x_FWLib\src\stm32f10x_wwdg.c">
      <Filter>Source files\FWLIB</Filter>
    </ClCompile>
    <ClCompile Include="..\STM32OrgKeilProj\Hardware\lcd.c">
      <Filter>Source files\Hardware</Filter>
    </ClCompile>
    <ClCompile Include="..\STM32OrgKeilProj\Hardware\SPI.c">
      <Filter>Source files\Hardware</Filter>
    </ClCompile>
    <ClCompile Include="..\STM32OrgKeilProj\Hardware\USB\Conf\hw_config.c">
      <Filter>Source files\Hardware</Filter>
    </ClCompile>
    <ClCompile Include="..\STM32OrgKeilProj\Hardware\USB\Conf\usb_desc.c">
      <Filter>Source files\Hardware</Filter>
    </ClCompile>
    <ClCompile Include="..\STM32OrgKeilProj\Hardware\USB\Conf\usb_endp.c">
      <Filter>Source files\Hardware</Filter>
    </ClCompile>
    <ClCompile Include="..\STM32OrgKeilProj\Hardware\USB\Conf\usb_istr.c">
      <Filter>Source files\Hardware</Filter>
    </ClCompile>
    <ClCompile Include="..\STM32OrgKeilProj\Hardware\USB\Conf\usb_prop.c">
      <Filter>Source files\Hardware</Filter>
    </ClCompile>
    <ClCompile Include="..\STM32OrgKeilProj\Hardware\USB\Conf\usb_pwr.c">
      <Filter>Source files\Hardware</Filter>
    </ClCompile>
    <ClCompile Include="..\STM32OrgKeilProj\Hardware\USB\Lib\src\usb_core.c">
      <Filter>Source files\Hardware</Filter>
    </ClCompile>
    <ClCompile Include="..\STM32OrgKeilProj\Hardware\USB\Lib\src\usb_init.c">
      <Filter>Source files\Hardware</Filter>
    </ClCompile>
    <ClCompile Include="..\STM32OrgKeilProj\Hardware\USB\Lib\src\usb_int.c">
      <Filter>Source files\Hardware</Filter>
    </ClCompile>
    <ClCompile Include="..\STM32OrgKeilProj\Hardware\USB\Lib\src\usb_mem.c">
      <Filter>Source files\Hardware</Filter>
    </ClCompile>
    <ClCompile Include="..\STM32OrgKeilProj\Hardware\USB\Lib\src\usb_regs.c">
      <Filter>Source files\Hardware</Filter>
    </ClCompile>
    <ClCompile Include="..\STM32OrgKeilProj\Hardware\USB\Lib\src\usb_sil.c">
      <Filter>Source files\Hardware</Filter>
    </ClCompile>
    <ClCompile Include="..\STM32OrgKeilProj\Hardware\JBUS.c">
      <Filter>Source files\Hardware</Filter>
    </ClCompile>
    <ClCompile Include="..\STM32OrgKeilProj\Hardware\tim3.c">
      <Filter>Source files\Hardware</Filter>
    </ClCompile>
    <ClCompile Include="..\STM32OrgKeilProj\Hardware\mygpio.c">
      <Filter>Source files\Hardware</Filter>
    </ClCompile>
    <ClCompile Include="..\STM32OrgKeilProj\Hardware\tim4_beep.c">
      <Filter>Source files\Hardware</Filter>
    </ClCompile>
    <None Include="mcu.props">
      <Filter>Source files\Device-specific files</Filter>
    </None>
    <None Include="..\STM32OrgKeilProj\README.TXT">
      <Filter>Header files\README</Filter>
    </None>
    <ClInclude Include="$(BSP_ROOT)\Device\Include\stm32f10x.h">
      <Filter>Header files\Device-specific files</Filter>
    </ClInclude>
    <None Include="PCMonitorMCU-Debug.vgdbsettings">
      <Filter>VisualGDB settings</Filter>
    </None>
    <None Include="PCMonitorMCU-Release.vgdbsettings">
      <Filter>VisualGDB settings</Filter>
    </None>
    <None Include="MCU.xml">
      <Filter>VisualGDB settings</Filter>
    </None>
  </ItemGroup>
</Project>